
Microsoft Visual Studio Solution File, Format Version 12.00
# Visual Studio Version 17
VisualStudioVersion = 17.9.34902.65
MinimumVisualStudioVersion = 10.0.40219.1
Project("{FAE04EC0-301F-11D3-BF4B-00C04F79EFBC}") = "EstudosIntegracao", "EstudosIntegracao\EstudosIntegracao.csproj", "{0DDB5205-5C4F-4E00-9E7A-80C46694344D}"
EndProject
Global
	GlobalSection(SolutionConfigurationPlatforms) = preSolution
		Debug|Any CPU = Debug|Any CPU
		Release|Any CPU = Release|Any CPU
	EndGlobalSection
	GlobalSection(ProjectConfigurationPlatforms) = postSolution
		{0DDB5205-5C4F-4E00-9E7A-80C46694344D}.Debug|Any CPU.ActiveCfg = Debug|Any CPU
		{0DDB5205-5C4F-4E00-9E7A-80C46694344D}.Debug|Any CPU.Build.0 = Debug|Any CPU
		{0DDB5205-5C4F-4E00-9E7A-80C46694344D}.Release|Any CPU.ActiveCfg = Release|Any CPU
		{0DDB5205-5C4F-4E00-9E7A-80C46694344D}.Release|Any CPU.Build.0 = Release|Any CPU
	EndGlobalSection
	GlobalSection(SolutionProperties) = preSolution
		HideSolutionNode = FALSE
	EndGlobalSection
	GlobalSection(ExtensibilityGlobals) = postSolution
		SolutionGuid = {318BD628-96B8-495F-9DDB-2423FA98BA56}
	EndGlobalSection
EndGlobal
